
Microsoft Visual Studio Solution File, Format Version 12.00
# Visual Studio Version 17
VisualStudioVersion = 17.4.33213.308
MinimumVisualStudioVersion = 10.0.40219.1
Project("{9A19103F-16F7-4668-BE54-9A1E7A4F7556}") = "Stud.Web.UI", "Stud.Web.UI\Stud.Web.UI.csproj", "{03BC524C-9AE1-4EB5-95EC-9A0CC242723D}"
EndProject
Project("{9A19103F-16F7-4668-BE54-9A1E7A4F7556}") = "Std.BusinessLogic", "Std.Business.Logic\Std.BusinessLogic.csproj", "{CDEE804A-99E8-45E4-A6F9-35431F425DA2}"
EndProject
Project("{9A19103F-16F7-4668-BE54-9A1E7A4F7556}") = "Std.Common", "Std.Common\Std.Common.csproj", "{9193DFA9-639F-4F64-A581-7E6F01E4F8D7}"
EndProject
Global
	GlobalSection(SolutionConfigurationPlatforms) = preSolution
		Debug|Any CPU = Debug|Any CPU
		Release|Any CPU = Release|Any CPU
	EndGlobalSection
	GlobalSection(ProjectConfigurationPlatforms) = postSolution
		{03BC524C-9AE1-4EB5-95EC-9A0CC242723D}.Debug|Any CPU.ActiveCfg = Debug|Any CPU
		{03BC524C-9AE1-4EB5-95EC-9A0CC242723D}.Debug|Any CPU.Build.0 = Debug|Any CPU
		{03BC524C-9AE1-4EB5-95EC-9A0CC242723D}.Release|Any CPU.ActiveCfg = Release|Any CPU
		{03BC524C-9AE1-4EB5-95EC-9A0CC242723D}.Release|Any CPU.Build.0 = Release|Any CPU
		{CDEE804A-99E8-45E4-A6F9-35431F425DA2}.Debug|Any CPU.ActiveCfg = Debug|Any CPU
		{CDEE804A-99E8-45E4-A6F9-35431F425DA2}.Debug|Any CPU.Build.0 = Debug|Any CPU
		{CDEE804A-99E8-45E4-A6F9-35431F425DA2}.Release|Any CPU.ActiveCfg = Release|Any CPU
		{CDEE804A-99E8-45E4-A6F9-35431F425DA2}.Release|Any CPU.Build.0 = Release|Any CPU
		{9193DFA9-639F-4F64-A581-7E6F01E4F8D7}.Debug|Any CPU.ActiveCfg = Debug|Any CPU
		{9193DFA9-639F-4F64-A581-7E6F01E4F8D7}.Debug|Any CPU.Build.0 = Debug|Any CPU
		{9193DFA9-639F-4F64-A581-7E6F01E4F8D7}.Release|Any CPU.ActiveCfg = Release|Any CPU
		{9193DFA9-639F-4F64-A581-7E6F01E4F8D7}.Release|Any CPU.Build.0 = Release|Any CPU
	EndGlobalSection
	GlobalSection(SolutionProperties) = preSolution
		HideSolutionNode = FALSE
	EndGlobalSection
	GlobalSection(ExtensibilityGlobals) = postSolution
		SolutionGuid = {C3631836-3CF4-4AEC-A0A6-6A779BD02C22}
	EndGlobalSection
EndGlobal
